
Microsoft Visual Studio Solution File, Format Version 12.00
# Visual Studio Version 17
VisualStudioVersion = 17.8.34309.116
MinimumVisualStudioVersion = 10.0.40219.1
Project("{FAE04EC0-301F-11D3-BF4B-00C04F79EFBC}") = "fontys_tariq_dinmohamed_bakfiets", "fontys_tariq_dinmohamed_bakfiets\fontys_tariq_dinmohamed_bakfiets.csproj", "{AD54BECD-34A5-4690-9E48-33D864381080}"
EndProject
Global
	GlobalSection(SolutionConfigurationPlatforms) = preSolution
		Debug|Any CPU = Debug|Any CPU
		Release|Any CPU = Release|Any CPU
	EndGlobalSection
	GlobalSection(ProjectConfigurationPlatforms) = postSolution
		{AD54BECD-34A5-4690-9E48-33D864381080}.Debug|Any CPU.ActiveCfg = Debug|Any CPU
		{AD54BECD-34A5-4690-9E48-33D864381080}.Debug|Any CPU.Build.0 = Debug|Any CPU
		{AD54BECD-34A5-4690-9E48-33D864381080}.Release|Any CPU.ActiveCfg = Release|Any CPU
		{AD54BECD-34A5-4690-9E48-33D864381080}.Release|Any CPU.Build.0 = Release|Any CPU
	EndGlobalSection
	GlobalSection(SolutionProperties) = preSolution
		HideSolutionNode = FALSE
	EndGlobalSection
	GlobalSection(ExtensibilityGlobals) = postSolution
		SolutionGuid = {D1483B98-484A-42BF-8DF1-960DB071F1B8}
	EndGlobalSection
EndGlobal
